github.com/google/go-cmp v0.5.9 h1:O2Tfq5qg4qc4AmwVlvv0oLiVAGB7enBSJ2x2DqQFi38=
github.com/google/go-cmp v0.5.9/go.mod h1:17dUlkBOakJ0+DkrSSNjCkIjxS6bF9zb3elmeNGIjoY=
github.com/google/goterm v0.0.0-20200907032337-555d40f16ae2 h1:CVuJwN34x4xM2aT4sIKhmeib40NeBPhRihNjQmpJsA4=
github.com/google/goterm v0.0.0-20200907032337-555d40f16ae2/go.mod h1:nOFQdrUlIlx6M6ODdSpBj1NVA+VgLC6kmw60mkw34H4=
github.com/pkg/diff v0.0.0-20210226163009-20ebb0f2a09e h1:aoZm08cpOy4WuID//EZDgcC4zIxODThtZNPirFr42+A=
github.com/pkg/diff v0.0.0-20210226163009-20ebb0f2a09e/go.mod h1:pJLUxLENpZxwdsKMEsNbx1VGcRFpLqf3715MtcvvzbA=
github.com/spf13/pflag v1.0.5 h1:iy+VFUOCP1a+8yFto/drg2CJ5u0yRoB7fZw3DKv/JXA=
github.com/spf13/pflag v1.0.5/go.mod h1:McXfInJRrz4CZXVZOBLb0bTZqETkiAhM9Iw0y3An2Bg=
github.com/tailscale/goexpect v0.0.0-20210902213824-6e8c725cea41 h1:/V2rCMMWcsjYaYO2MeovLw+ClP63OtXgCF2Y1eb8+Ns=
github.com/tailscale/goexpect v0.0.0-20210902213824-6e8c725cea41/go.mod h1:/roCdA6gg6lQyw/Oz6gIIGu3ggJKYhF+WC/AQReE5XQ=
golang.org/x/crypto v0.17.0 h1:r8bRNjWL3GshPW3gkd+RpvzWrZAwPS49OmTGZ/uhM4k=
golang.org/x/crypto v0.17.0/go.mod h1:gCAAfMLgwOJRpTjQ2zCCt2OcSfYMTeZVSRtQlPC7Nq4=
golang.org/x/exp v0.0.0-20231006140011-7918f672742d h1:jtJma62tbqLibJ5sFQz8bKtEM8rJBtfilJ2qTU199MI=
golang.org/x/exp v0.0.0-20231006140011-7918f672742d/go.mod h1:ldy0pHrwJyGW56pPQzzkH36rKxoZW1tw7ZJpeKx+hdo=
golang.org/x/sys v0.15.0 h1:h48lPFYpsTvQJZF4EKyI4aLHaev3CxivZmv7yZig9pc=
golang.org/x/sys v0.15.0/go.mod h1:/VUhepiaJMQUp4+oa/7Zr1D23ma6VTLIYjOOTFZPUcA=
golang.org/x/term v0.15.0 h1:y/Oo/a/q3IXu26lQgl04j/gjuBDOBlx7X6Om1j2CPW4=
golang.org/x/term v0.15.0/go.mod h1:BDl952bC7+uMoWR75FIrCDx79TPU9oHkTZ9yRbYOrX0=
gopkg.in/check.v1 v0.0.0-20161208181325-20d25e280405 h1:yhCVgyC4o1eVCa2tZl7eS0r+SDo693bJlVdllGtEeKM=
gopkg.in/check.v1 v0.0.0-20161208181325-20d25e280405/go.mod h1:Co6ibVJAznAaIkqp8huTwlJQCZ016jof/cbN4VW5Yz0=
gopkg.in/yaml.v3 v3.0.1 h1:fxVm/GzAzEWqLHuvctI91KS9hhNmmWOoWu0XTYJS7CA=
gopkg.in/yaml.v3 v3.0.1/go.mod h1:K4uyk7z7BCEPqu6E+C64Yfv1cQ7kz7rIZviUmN+EgEM=
